
Microsoft Visual Studio Solution File, Format Version 12.00
# Visual Studio Version 16
VisualStudioVersion = 16.0.30907.101
MinimumVisualStudioVersion = 10.0.40219.1
Project("{FAE04EC0-301F-11D3-BF4B-00C04F79EFBC}") = "IpCruncher", "IpCruncher.csproj", "{68F1CD8E-375C-406D-8F44-3213511CE03A}"
EndProject
Global
	GlobalSection(SolutionConfigurationPlatforms) = preSolution
		Debug|Any CPU = Debug|Any CPU
		Release|Any CPU = Release|Any CPU
	EndGlobalSection
	GlobalSection(ProjectConfigurationPlatforms) = postSolution
		{68F1CD8E-375C-406D-8F44-3213511CE03A}.Debug|Any CPU.ActiveCfg = Debug|Any CPU
		{68F1CD8E-375C-406D-8F44-3213511CE03A}.Debug|Any CPU.Build.0 = Debug|Any CPU
		{68F1CD8E-375C-406D-8F44-3213511CE03A}.Release|Any CPU.ActiveCfg = Release|Any CPU
		{68F1CD8E-375C-406D-8F44-3213511CE03A}.Release|Any CPU.Build.0 = Release|Any CPU
	EndGlobalSection
	GlobalSection(SolutionProperties) = preSolution
		HideSolutionNode = FALSE
	EndGlobalSection
	GlobalSection(ExtensibilityGlobals) = postSolution
		SolutionGuid = {FB447C80-EEFA-43B7-9C85-81DB66958E3B}
	EndGlobalSection
EndGlobal
